# THIS IS AN AUTOGENERATED FILE. DO NOT EDIT THIS FILE DIRECTLY.
# yarn lockfile v1


react-native-screens@^2.11.0:
  version "2.11.0"
  resolved "https://registry.yarnpkg.com/react-native-screens/-/react-native-screens-2.11.0.tgz#34b30b07c2d04aa100cba984b944b303bfa43ea6"
  integrity sha512-vJzJE3zI1XUtqthrX3Dh2TBQWB+xFyaGhF52KBq9FjJUN5ws4xpLZJxBWa1KbGV3DilmcSZ4jmZR5LGordwE7w==
