# THIS IS AN AUTOGENERATED FILE. DO NOT EDIT THIS FILE DIRECTLY.
# yarn lockfile v1


react-native-screens@2.15.0:
  version "2.15.0"
  resolved "https://registry.yarnpkg.com/react-native-screens/-/react-native-screens-2.15.0.tgz#9b97c1881c4fcdf304bf363f0013225901625f44"
  integrity sha512-qTSQPy0WKHtlb8xt5gY0Gt6sdvfQUQAnFSqgsggW9UEvySbkHzpqOrOYNA79Ca8oXO0dCFwp6X8buIiDefa7+Q==
